
Microsoft Visual Studio Solution File, Format Version 12.00
# Visual Studio 2013
VisualStudioVersion = 12.0.21005.1
MinimumVisualStudioVersion = 10.0.40219.1
Project("{8BC9CEB8-8B4A-11D0-8D11-00A0C91BC942}") = "homework7_4_1", "homework7_4_1\homework7_4_1.vcxproj", "{4257EB90-0151-471D-A63A-B96DF455F405}"
EndProject
Global
	GlobalSection(SolutionConfigurationPlatforms) = preSolution
		Debug|Win32 = Debug|Win32
		Release|Win32 = Release|Win32
	EndGlobalSection
	GlobalSection(ProjectConfigurationPlatforms) = postSolution
		{4257EB90-0151-471D-A63A-B96DF455F405}.Debug|Win32.ActiveCfg = Debug|Win32
		{4257EB90-0151-471D-A63A-B96DF455F405}.Debug|Win32.Build.0 = Debug|Win32
		{4257EB90-0151-471D-A63A-B96DF455F405}.Release|Win32.ActiveCfg = Release|Win32
		{4257EB90-0151-471D-A63A-B96DF455F405}.Release|Win32.Build.0 = Release|Win32
	EndGlobalSection
	GlobalSection(SolutionProperties) = preSolution
		HideSolutionNode = FALSE
	EndGlobalSection
EndGlobal
